
Microsoft Visual Studio Solution File, Format Version 12.00
# Visual Studio Version 16
VisualStudioVersion = 16.0.29306.81
MinimumVisualStudioVersion = 10.0.40219.1
Project("{FAE04EC0-301F-11D3-BF4B-00C04F79EFBC}") = "CircularEnumerator", "CircularEnumerator.csproj", "{F886F144-7BB9-47DD-AFF2-884DEB72E5AC}"
EndProject
Project("{FAE04EC0-301F-11D3-BF4B-00C04F79EFBC}") = "CircularEnumerator.Tests", "..\CircularEnumerator.Tests\CircularEnumerator.Tests.csproj", "{3833758C-A778-477B-9BF7-49419782DBAE}"
EndProject
Global
	GlobalSection(SolutionConfigurationPlatforms) = preSolution
		Debug|Any CPU = Debug|Any CPU
		Release|Any CPU = Release|Any CPU
	EndGlobalSection
	GlobalSection(ProjectConfigurationPlatforms) = postSolution
		{F886F144-7BB9-47DD-AFF2-884DEB72E5AC}.Debug|Any CPU.ActiveCfg = Debug|Any CPU
		{F886F144-7BB9-47DD-AFF2-884DEB72E5AC}.Debug|Any CPU.Build.0 = Debug|Any CPU
		{F886F144-7BB9-47DD-AFF2-884DEB72E5AC}.Release|Any CPU.ActiveCfg = Release|Any CPU
		{F886F144-7BB9-47DD-AFF2-884DEB72E5AC}.Release|Any CPU.Build.0 = Release|Any CPU
		{3833758C-A778-477B-9BF7-49419782DBAE}.Debug|Any CPU.ActiveCfg = Debug|Any CPU
		{3833758C-A778-477B-9BF7-49419782DBAE}.Debug|Any CPU.Build.0 = Debug|Any CPU
		{3833758C-A778-477B-9BF7-49419782DBAE}.Release|Any CPU.ActiveCfg = Release|Any CPU
		{3833758C-A778-477B-9BF7-49419782DBAE}.Release|Any CPU.Build.0 = Release|Any CPU
	EndGlobalSection
	GlobalSection(SolutionProperties) = preSolution
		HideSolutionNode = FALSE
	EndGlobalSection
	GlobalSection(ExtensibilityGlobals) = postSolution
		SolutionGuid = {5A1720C9-FCC3-4CCC-96E0-C86345003B30}
	EndGlobalSection
EndGlobal
